
Microsoft Visual Studio Solution File, Format Version 12.00
# Visual Studio Version 17
VisualStudioVersion = 17.4.33205.214
MinimumVisualStudioVersion = 10.0.40219.1
Project("{9A19103F-16F7-4668-BE54-9A1E7A4F7556}") = "SingletonPattern", "SingletonPattern\SingletonPattern.csproj", "{C6AEF774-4A1F-45BC-BD7A-81BB59D32738}"
EndProject
Project("{9A19103F-16F7-4668-BE54-9A1E7A4F7556}") = "FactoryPattern", "FactoryPattern\FactoryPattern.csproj", "{0E791BA1-6487-474B-960B-06E3D0816CAC}"
EndProject
Project("{FAE04EC0-301F-11D3-BF4B-00C04F79EFBC}") = "BuilderPattern", "BuilderPattern\BuilderPattern.csproj", "{38EC1A00-0B1C-4AD8-8773-021BCC03A5D2}"
EndProject
Global
	GlobalSection(SolutionConfigurationPlatforms) = preSolution
		Debug|Any CPU = Debug|Any CPU
		Release|Any CPU = Release|Any CPU
	EndGlobalSection
	GlobalSection(ProjectConfigurationPlatforms) = postSolution
		{C6AEF774-4A1F-45BC-BD7A-81BB59D32738}.Debug|Any CPU.ActiveCfg = Debug|Any CPU
		{C6AEF774-4A1F-45BC-BD7A-81BB59D32738}.Debug|Any CPU.Build.0 = Debug|Any CPU
		{C6AEF774-4A1F-45BC-BD7A-81BB59D32738}.Release|Any CPU.ActiveCfg = Release|Any CPU
		{C6AEF774-4A1F-45BC-BD7A-81BB59D32738}.Release|Any CPU.Build.0 = Release|Any CPU
		{0E791BA1-6487-474B-960B-06E3D0816CAC}.Debug|Any CPU.ActiveCfg = Debug|Any CPU
		{0E791BA1-6487-474B-960B-06E3D0816CAC}.Debug|Any CPU.Build.0 = Debug|Any CPU
		{0E791BA1-6487-474B-960B-06E3D0816CAC}.Release|Any CPU.ActiveCfg = Release|Any CPU
		{0E791BA1-6487-474B-960B-06E3D0816CAC}.Release|Any CPU.Build.0 = Release|Any CPU
		{38EC1A00-0B1C-4AD8-8773-021BCC03A5D2}.Debug|Any CPU.ActiveCfg = Debug|Any CPU
		{38EC1A00-0B1C-4AD8-8773-021BCC03A5D2}.Debug|Any CPU.Build.0 = Debug|Any CPU
		{38EC1A00-0B1C-4AD8-8773-021BCC03A5D2}.Release|Any CPU.ActiveCfg = Release|Any CPU
		{38EC1A00-0B1C-4AD8-8773-021BCC03A5D2}.Release|Any CPU.Build.0 = Release|Any CPU
	EndGlobalSection
	GlobalSection(SolutionProperties) = preSolution
		HideSolutionNode = FALSE
	EndGlobalSection
	GlobalSection(ExtensibilityGlobals) = postSolution
		SolutionGuid = {E9DCA6BD-FE0A-4D28-8C57-6950F6A3814C}
	EndGlobalSection
EndGlobal
